
Microsoft Visual Studio Solution File, Format Version 12.00
# Visual Studio Version 16
VisualStudioVersion = 16.0.31321.278
MinimumVisualStudioVersion = 10.0.40219.1
Project("{FAE04EC0-301F-11D3-BF4B-00C04F79EFBC}") = "MarketManager", "MarketManager\MarketManager.csproj", "{1297AF09-29A2-4899-9216-85D0D840B317}"
EndProject
Global
	GlobalSection(SolutionConfigurationPlatforms) = preSolution
		Debug|Any CPU = Debug|Any CPU
		Release|Any CPU = Release|Any CPU
	EndGlobalSection
	GlobalSection(ProjectConfigurationPlatforms) = postSolution
		{1297AF09-29A2-4899-9216-85D0D840B317}.Debug|Any CPU.ActiveCfg = Debug|Any CPU
		{1297AF09-29A2-4899-9216-85D0D840B317}.Debug|Any CPU.Build.0 = Debug|Any CPU
		{1297AF09-29A2-4899-9216-85D0D840B317}.Release|Any CPU.ActiveCfg = Release|Any CPU
		{1297AF09-29A2-4899-9216-85D0D840B317}.Release|Any CPU.Build.0 = Release|Any CPU
	EndGlobalSection
	GlobalSection(SolutionProperties) = preSolution
		HideSolutionNode = FALSE
	EndGlobalSection
	GlobalSection(ExtensibilityGlobals) = postSolution
		SolutionGuid = {B077A51A-6187-465F-BD8C-8379701EF4BA}
	EndGlobalSection
EndGlobal
